<?xml version="1.0" encoding="utf-8"?>
<Project ToolsVersion="4.0" xmlns="http://schemas.microsoft.com/developer/msbuild/2003">
  <ItemGroup>
    <Filter Include="Source Files">
      <UniqueIdentifier>{4FC737F1-C7A5-4376-A066-2A32D752A2FF}</UniqueIdentifier>
      <Extensions>cpp;c;cc;cxx;c++;cppm;ixx;def;odl;idl;hpj;bat;asm;asmx</Extensions>
    </Filter>
    <Filter Include="Header Files">
      <UniqueIdentifier>{93995380-89BD-4b04-88EB-625FBE52EBFB}</UniqueIdentifier>
      <Extensions>h;hh;hpp;hxx;h++;hm;inl;inc;ipp;xsd</Extensions>
    </Filter>
    <Filter Include="Resource Files">
      <UniqueIdentifier>{67DA6AB6-F800-4c08-8B7A-83BB121AAD01}</UniqueIdentifier>
      <Extensions>rc;ico;cur;bmp;dlg;rc2;rct;bin;rgs;gif;jpg;jpeg;jpe;resx;tiff;tif;png;wav;mfcribbon-ms</Extensions>
    </Filter>
  </ItemGroup>
  <ItemGroup>
    <ClCompile Include="01_Problem.cpp">
      <Filter>Resource Files</Filter>
    </ClCompile>
    <ClCompile Include="02_Problem.cpp">
      <Filter>Resource Files</Filter>
    </ClCompile>
    <ClCompile Include="format.cpp">
      <Filter>Resource Files</Filter>
    </ClCompile>
    <ClCompile Include="03_Problem.cpp">
      <Filter>Resource Files</Filter>
    </ClCompile>
    <ClCompile Include="04_Problem.cpp">
      <Filter>Resource Files</Filter>
    </ClCompile>
    <ClCompile Include="05_Problem.cpp">
      <Filter>Resource Files</Filter>
    </ClCompile>
    <ClCompile Include="06_Problem.cpp">
      <Filter>Resource Files</Filter>
    </ClCompile>
    <ClCompile Include="07_Problem.cpp">
      <Filter>Resource Files</Filter>
    </ClCompile>
    <ClCompile Include="08_Problem.cpp">
      <Filter>Resource Files</Filter>
    </ClCompile>
    <ClCompile Include="09_Problem.cpp">
      <Filter>Resource Files</Filter>
    </ClCompile>
    <ClCompile Include="10_Problem.cpp">
      <Filter>Resource Files</Filter>
    </ClCompile>
    <ClCompile Include="11_Problem.cpp">
      <Filter>Resource Files</Filter>
    </ClCompile>
    <ClCompile Include="12_Problem.cpp">
      <Filter>Resource Files</Filter>
    </ClCompile>
    <ClCompile Include="13_Problem.cpp">
      <Filter>Resource Files</Filter>
    </ClCompile>
    <ClCompile Include="14_Problem.cpp">
      <Filter>Resource Files</Filter>
    </ClCompile>
    <ClCompile Include="15_Problem.cpp">
      <Filter>Resource Files</Filter>
    </ClCompile>
    <ClCompile Include="16_Problem.cpp">
      <Filter>Resource Files</Filter>
    </ClCompile>
    <ClCompile Include="17_Problem.cpp">
      <Filter>Resource Files</Filter>
    </ClCompile>
    <ClCompile Include="18_Problem.cpp">
      <Filter>Resource Files</Filter>
    </ClCompile>
    <ClCompile Include="19_Problem.cpp">
      <Filter>Resource Files</Filter>
    </ClCompile>
    <ClCompile Include="20_Problem.cpp">
      <Filter>Resource Files</Filter>
    </ClCompile>
    <ClCompile Include="21_Problem.cpp">
      <Filter>Resource Files</Filter>
    </ClCompile>
    <ClCompile Include="22_Problem.cpp">
      <Filter>Resource Files</Filter>
    </ClCompile>
    <ClCompile Include="23_Problem.cpp">
      <Filter>Resource Files</Filter>
    </ClCompile>
    <ClCompile Include="24_Problem.cpp">
      <Filter>Resource Files</Filter>
    </ClCompile>
    <ClCompile Include="25_Problem.cpp">
      <Filter>Resource Files</Filter>
    </ClCompile>
    <ClCompile Include="26_Problem.cpp">
      <Filter>Resource Files</Filter>
    </ClCompile>
    <ClCompile Include="27_Problem.cpp">
      <Filter>Resource Files</Filter>
    </ClCompile>
    <ClCompile Include="28_Problem.cpp">
      <Filter>Resource Files</Filter>
    </ClCompile>
    <ClCompile Include="29_Problem.cpp">
      <Filter>Resource Files</Filter>
    </ClCompile>
    <ClCompile Include="31_Problem.cpp">
      <Filter>Resource Files</Filter>
    </ClCompile>
    <ClCompile Include="32_Problem.cpp">
      <Filter>Resource Files</Filter>
    </ClCompile>
    <ClCompile Include="33_Problem.cpp">
      <Filter>Resource Files</Filter>
    </ClCompile>
    <ClCompile Include="34_Problem.cpp">
      <Filter>Resource Files</Filter>
    </ClCompile>
    <ClCompile Include="35_Problem.cpp">
      <Filter>Resource Files</Filter>
    </ClCompile>
    <ClCompile Include="36_Problem.cpp">
      <Filter>Resource Files</Filter>
    </ClCompile>
    <ClCompile Include="37_Problem.cpp">
      <Filter>Resource Files</Filter>
    </ClCompile>
    <ClCompile Include="38_Problem_Inversion_Sequence.cpp">
      <Filter>Resource Files</Filter>
    </ClCompile>
    <ClCompile Include="39_Problem.cpp">
      <Filter>Resource Files</Filter>
    </ClCompile>
    <ClCompile Include="40_Problem.cpp">
      <Filter>Resource Files</Filter>
    </ClCompile>
    <ClCompile Include="41_Problem.cpp">
      <Filter>Resource Files</Filter>
    </ClCompile>
    <ClCompile Include="42_Problem.cpp">
      <Filter>Resource Files</Filter>
    </ClCompile>
    <ClCompile Include="43_Problem.cpp">
      <Filter>Resource Files</Filter>
    </ClCompile>
    <ClCompile Include="44_Problem_Horse.cpp">
      <Filter>Resource Files</Filter>
    </ClCompile>
    <ClCompile Include="45_Problem.cpp">
      <Filter>Resource Files</Filter>
    </ClCompile>
    <ClCompile Include="46_Problem.cpp">
      <Filter>Resource Files</Filter>
    </ClCompile>
    <ClCompile Include="47_Problem.cpp">
      <Filter>Resource Files</Filter>
    </ClCompile>
    <ClCompile Include="48_Problem.cpp">
      <Filter>Resource Files</Filter>
    </ClCompile>
    <ClCompile Include="49_Problem.cpp">
      <Filter>Resource Files</Filter>
    </ClCompile>
    <ClCompile Include="50_Problem.cpp">
      <Filter>Resource Files</Filter>
    </ClCompile>
    <ClCompile Include="51_Problem.cpp">
      <Filter>Resource Files</Filter>
    </ClCompile>
    <ClCompile Include="52_Problem_Ugly_Numbers.cpp">
      <Filter>Resource Files</Filter>
    </ClCompile>
    <ClCompile Include="53_Problem.cpp">
      <Filter>Resource Files</Filter>
    </ClCompile>
    <ClCompile Include="54_Problem.cpp">
      <Filter>Resource Files</Filter>
    </ClCompile>
    <ClCompile Include="55_Problem.cpp">
      <Filter>Resource Files</Filter>
    </ClCompile>
    <ClCompile Include="56_Problem.cpp">
      <Filter>Resource Files</Filter>
    </ClCompile>
    <ClCompile Include="57_Problem.cpp">
      <Filter>Resource Files</Filter>
    </ClCompile>
    <ClCompile Include="58_Problem_DFS.cpp">
      <Filter>Resource Files</Filter>
    </ClCompile>
    <ClCompile Include="59_Problem.cpp">
      <Filter>Resource Files</Filter>
    </ClCompile>
    <ClCompile Include="60_Problem.cpp">
      <Filter>Resource Files</Filter>
    </ClCompile>
    <ClCompile Include="61_Problem.cpp">
      <Filter>Resource Files</Filter>
    </ClCompile>
    <ClCompile Include="62_Problem_MergeSort.cpp">
      <Filter>Resource Files</Filter>
    </ClCompile>
    <ClCompile Include="63_Problem.cpp">
      <Filter>Resource Files</Filter>
    </ClCompile>
    <ClCompile Include="64_Problem_DFS.cpp">
      <Filter>Resource Files</Filter>
    </ClCompile>
    <ClCompile Include="65_Problem.cpp">
      <Filter>Resource Files</Filter>
    </ClCompile>
    <ClCompile Include="66_Problem.cpp">
      <Filter>Resource Files</Filter>
    </ClCompile>
    <ClCompile Include="67_Problem.cpp">
      <Filter>Resource Files</Filter>
    </ClCompile>
    <ClCompile Include="68_Problem.cpp">
      <Filter>Resource Files</Filter>
    </ClCompile>
    <ClCompile Include="70_Problem_BFS.cpp">
      <Filter>Resource Files</Filter>
    </ClCompile>
    <ClCompile Include="71_Problem.cpp">
      <Filter>Resource Files</Filter>
    </ClCompile>
    <ClCompile Include="72_Problem.cpp">
      <Filter>Resource Files</Filter>
    </ClCompile>
    <ClCompile Include="73_Problem_Priority_Queue.cpp">
      <Filter>Resource Files</Filter>
    </ClCompile>
    <ClCompile Include="74_Problem.cpp">
      <Filter>Resource Files</Filter>
    </ClCompile>
    <ClCompile Include="75_Problem.cpp">
      <Filter>Resource Files</Filter>
    </ClCompile>
    <ClCompile Include="76_Problem_FAC.cpp">
      <Filter>Resource Files</Filter>
    </ClCompile>
    <ClCompile Include="77_Problem.cpp">
      <Filter>Resource Files</Filter>
    </ClCompile>
  </ItemGroup>
  <ItemGroup>
    <ClInclude Include="14_Problem.h">
      <Filter>Header Files</Filter>
    </ClInclude>
  </ItemGroup>
</Project>